// !$*UTF8*$!
{
	archiveVersion = 1;
	classes = {
	};
	objectVersion = 56;
	objects = {

/* Begin PBXBuildFile section */
		236C4A18F88BB070ADDD542D /* Pods_PopUp.framework in Frameworks */ = {isa = PBXBuildFile; fileRef = CB0034EDF8F400B870833805 /* Pods_PopUp.framework */; };
		933C158028EDC5F400850A7D /* PopUpApp.swift in Sources */ = {isa = PBXBuildFile; fileRef = 933C157F28EDC5F400850A7D /* PopUpApp.swift */; };
		933C158228EDC5F400850A7D /* ContentView.swift in Sources */ = {isa = PBXBuildFile; fileRef = 933C158128EDC5F400850A7D /* ContentView.swift */; };
		933C158428EDC5FC00850A7D /* Assets.xcassets in Resources */ = {isa = PBXBuildFile; fileRef = 933C158328EDC5FC00850A7D /* Assets.xcassets */; };
		933C158728EDC5FC00850A7D /* Preview Assets.xcassets in Resources */ = {isa = PBXBuildFile; fileRef = 933C158628EDC5FC00850A7D /* Preview Assets.xcassets */; };
		933C159028EDC6AE00850A7D /* PopupView.swift in Sources */ = {isa = PBXBuildFile; fileRef = 933C158F28EDC6AE00850A7D /* PopupView.swift */; };
		933C159228EDD2D300850A7D /* SheetManager.swift in Sources */ = {isa = PBXBuildFile; fileRef = 933C159128EDD2D300850A7D /* SheetManager.swift */; };
		933C159428EDE38E00850A7D /* PopupViewModifier.swift in Sources */ = {isa = PBXBuildFile; fileRef = 933C159328EDE38E00850A7D /* PopupViewModifier.swift */; };
/* End PBXBuildFile section */

/* Begin PBXFileReference section */
		409C0E48AC85FDEA07843105 /* Pods-PopUp.debug.xcconfig */ = {isa = PBXFileReference; includeInIndex = 1; lastKnownFileType = text.xcconfig; name = "Pods-PopUp.debug.xcconfig"; path = "Target Support Files/Pods-PopUp/Pods-PopUp.debug.xcconfig"; sourceTree = "<group>"; };
		5D33E5CC9B047953CDE22AB4 /* Pods-PopUp.release.xcconfig */ = {isa = PBXFileReference; includeInIndex = 1; lastKnownFileType = text.xcconfig; name = "Pods-PopUp.release.xcconfig"; path = "Target Support Files/Pods-PopUp/Pods-PopUp.release.xcconfig"; sourceTree = "<group>"; };
		933C157C28EDC5F400850A7D /* PopUp.app */ = {isa = PBXFileReference; explicitFileType = wrapper.application; includeInIndex = 0; path = PopUp.app; sourceTree = BUILT_PRODUCTS_DIR; };
		933C157F28EDC5F400850A7D /* PopUpApp.swift */ = {isa = PBXFileReference; lastKnownFileType = sourcecode.swift; path = PopUpApp.swift; sourceTree = "<group>"; };
		933C158128EDC5F400850A7D /* ContentView.swift */ = {isa = PBXFileReference; lastKnownFileType = sourcecode.swift; path = ContentView.swift; sourceTree = "<group>"; };
		933C158328EDC5FC00850A7D /* Assets.xcassets */ = {isa = PBXFileReference; lastKnownFileType = folder.assetcatalog; path = Assets.xcassets; sourceTree = "<group>"; };
		933C158628EDC5FC00850A7D /* Preview Assets.xcassets */ = {isa = PBXFileReference; lastKnownFileType = folder.assetcatalog; path = "Preview Assets.xcassets"; sourceTree = "<group>"; };
		933C158F28EDC6AE00850A7D /* PopupView.swift */ = {isa = PBXFileReference; lastKnownFileType = sourcecode.swift; path = PopupView.swift; sourceTree = "<group>"; };
		933C159128EDD2D300850A7D /* SheetManager.swift */ = {isa = PBXFileReference; lastKnownFileType = sourcecode.swift; path = SheetManager.swift; sourceTree = "<group>"; };
		933C159328EDE38E00850A7D /* PopupViewModifier.swift */ = {isa = PBXFileReference; lastKnownFileType = sourcecode.swift; path = PopupViewModifier.swift; sourceTree = "<group>"; };
		CB0034EDF8F400B870833805 /* Pods_PopUp.framework */ = {isa = PBXFileReference; explicitFileType = wrapper.framework; includeInIndex = 0; path = Pods_PopUp.framework; sourceTree = BUILT_PRODUCTS_DIR; };
/* End PBXFileReference section */

/* Begin PBXFrameworksBuildPhase section */
		933C157928EDC5F400850A7D /* Frameworks */ = {
			isa = PBXFrameworksBuildPhase;
			buildActionMask = 2147483647;
			files = (
				236C4A18F88BB070ADDD542D /* Pods_PopUp.framework in Frameworks */,
			);
			runOnlyForDeploymentPostprocessing = 0;
		};
/* End PBXFrameworksBuildPhase section */

/* Begin PBXGroup section */
		933C157328EDC5F300850A7D = {
			isa = PBXGroup;
			children = (
				933C157E28EDC5F400850A7D /* PopUp */,
				933C157D28EDC5F400850A7D /* Products */,
				D933D5DE068697B4E2CBBC4F /* Pods */,
				95991B091AD814F7C0154FDE /* Frameworks */,
			);
			sourceTree = "<group>";
		};
		933C157D28EDC5F400850A7D /* Products */ = {
			isa = PBXGroup;
			children = (
				933C157C28EDC5F400850A7D /* PopUp.app */,
			);
			name = Products;
			sourceTree = "<group>";
		};
		933C157E28EDC5F400850A7D /* PopUp */ = {
			isa = PBXGroup;
			children = (
				933C157F28EDC5F400850A7D /* PopUpApp.swift */,
				933C158128EDC5F400850A7D /* ContentView.swift */,
				933C159328EDE38E00850A7D /* PopupViewModifier.swift */,
				933C159128EDD2D300850A7D /* SheetManager.swift */,
				933C158F28EDC6AE00850A7D /* PopupView.swift */,
				933C158328EDC5FC00850A7D /* Assets.xcassets */,
				933C158528EDC5FC00850A7D /* Preview Content */,
			);
			path = PopUp;
			sourceTree = "<group>";
		};
		933C158528EDC5FC00850A7D /* Preview Content */ = {
			isa = PBXGroup;
			children = (
				933C158628EDC5FC00850A7D /* Preview Assets.xcassets */,
			);
			path = "Preview Content";
			sourceTree = "<group>";
		};
		95991B091AD814F7C0154FDE /* Frameworks */ = {
			isa = PBXGroup;
			children = (
				CB0034EDF8F400B870833805 /* Pods_PopUp.framework */,
			);
			name = Frameworks;
			sourceTree = "<group>";
		};
		D933D5DE068697B4E2CBBC4F /* Pods */ = {
			isa = PBXGroup;
			children = (
				409C0E48AC85FDEA07843105 /* Pods-PopUp.debug.xcconfig */,
				5D33E5CC9B047953CDE22AB4 /* Pods-PopUp.release.xcconfig */,
			);
			path = Pods;
			sourceTree = "<group>";
		};
/* End PBXGroup section */

/* Begin PBXNativeTarget section */
		933C157B28EDC5F400850A7D /* PopUp */ = {
			isa = PBXNativeTarget;
			buildConfigurationList = 933C158A28EDC5FC00850A7D /* Build configuration list for PBXNativeTarget "PopUp" */;
			buildPhases = (
				A0C4A063D9769EC51563E69B /* [CP] Check Pods Manifest.lock */,
				933C157828EDC5F400850A7D /* Sources */,
				933C157928EDC5F400850A7D /* Frameworks */,
				933C157A28EDC5F400850A7D /* Resources */,
			);
			buildRules = (
			);
			dependencies = (
			);
			name = PopUp;
			productName = PopUp;
			productReference = 933C157C28EDC5F400850A7D /* PopUp.app */;
			productType = "com.apple.product-type.application";
		};
/* End PBXNativeTarget section */

/* Begin PBXProject section */
		933C157428EDC5F400850A7D /* Project object */ = {
			isa = PBXProject;
			attributes = {
				BuildIndependentTargetsInParallel = 1;
				LastSwiftUpdateCheck = 1400;
				LastUpgradeCheck = 1400;
				TargetAttributes = {
					933C157B28EDC5F400850A7D = {
						CreatedOnToolsVersion = 14.0;
					};
				};
			};
			buildConfigurationList = 933C157728EDC5F400850A7D /* Build configuration list for PBXProject "PopUp" */;
			compatibilityVersion = "Xcode 14.0";
			developmentRegion = en;
			hasScannedForEncodings = 0;
			knownRegions = (
				en,
				Base,
			);
			mainGroup = 933C157328EDC5F300850A7D;
			productRefGroup = 933C157D28EDC5F400850A7D /* Products */;
			projectDirPath = "";
			projectRoot = "";
			targets = (
				933C157B28EDC5F400850A7D /* PopUp */,
			);
		};
/* End PBXProject section */

/* Begin PBXResourcesBuildPhase section */
		933C157A28EDC5F400850A7D /* Resources */ = {
			isa = PBXResourcesBuildPhase;
			buildActionMask = 2147483647;
			files = (
				933C158728EDC5FC00850A7D /* Preview Assets.xcassets in Resources */,
				933C158428EDC5FC00850A7D /* Assets.xcassets in Resources */,
			);
			runOnlyForDeploymentPostprocessing = 0;
		};
/* End PBXResourcesBuildPhase section */

/* Begin PBXShellScriptBuildPhase section */
		A0C4A063D9769EC51563E69B /* [CP] Check Pods Manifest.lock */ = {
			isa = PBXShellScriptBuildPhase;
			buildActionMask = 2147483647;
			files = (
			);
			inputFileListPaths = (
			);
			inputPaths = (
				"${PODS_PODFILE_DIR_PATH}/Podfile.lock",
				"${PODS_ROOT}/Manifest.lock",
			);
			name = "[CP] Check Pods Manifest.lock";
			outputFileListPaths = (
			);
			outputPaths = (
				"$(DERIVED_FILE_DIR)/Pods-PopUp-checkManifestLockResult.txt",
			);
			runOnlyForDeploymentPostprocessing = 0;
			shellPath = /bin/sh;
			shellScript = "diff \"${PODS_PODFILE_DIR_PATH}/Podfile.lock\" \"${PODS_ROOT}/Manifest.lock\" > /dev/null\nif [ $? != 0 ] ; then\n    # print error to STDERR\n    echo \"error: The sandbox is not in sync with the Podfile.lock. Run 'pod install' or update your CocoaPods installation.\" >&2\n    exit 1\nfi\n# This output is used by Xcode 'outputs' to avoid re-running this script phase.\necho \"SUCCESS\" > \"${SCRIPT_OUTPUT_FILE_0}\"\n";
			showEnvVarsInLog = 0;
		};
/* End PBXShellScriptBuildPhase section */

/* Begin PBXSourcesBuildPhase section */
		933C157828EDC5F400850A7D /* Sources */ = {
			isa = PBXSourcesBuildPhase;
			buildActionMask = 2147483647;
			files = (
				933C159028EDC6AE00850A7D /* PopupView.swift in Sources */,
				933C159228EDD2D300850A7D /* SheetManager.swift in Sources */,
				933C159428EDE38E00850A7D /* PopupViewModifier.swift in Sources */,
				933C158228EDC5F400850A7D /* ContentView.swift in Sources */,
				933C158028EDC5F400850A7D /* PopUpApp.swift in Sources */,
			);
			runOnlyForDeploymentPostprocessing = 0;
		};
/* End PBXSourcesBuildPhase section */

/* Begin XCBuildConfiguration section */
		933C158828EDC5FC00850A7D /* Debug */ = {
			isa = XCBuildConfiguration;
			buildSettings = {
				ALWAYS_SEARCH_USER_PATHS = NO;
				CLANG_ANALYZER_NONNULL = YES;
				CLANG_ANALYZER_NUMBER_OBJECT_CONVERSION = YES_AGGRESSIVE;
				CLANG_CXX_LANGUAGE_STANDARD = "gnu++20";
				CLANG_ENABLE_MODULES = YES;
				CLANG_ENABLE_OBJC_ARC = YES;
				CLANG_ENABLE_OBJC_WEAK = YES;
				CLANG_WARN_BLOCK_CAPTURE_AUTORELEASING = YES;
				CLANG_WARN_BOOL_CONVERSION = YES;
				CLANG_WARN_COMMA = YES;
				CLANG_WARN_CONSTANT_CONVERSION = YES;
				CLANG_WARN_DEPRECATED_OBJC_IMPLEMENTATIONS = YES;
				CLANG_WARN_DIRECT_OBJC_ISA_USAGE = YES_ERROR;
				CLANG_WARN_DOCUMENTATION_COMMENTS = YES;
				CLANG_WARN_EMPTY_BODY = YES;
				CLANG_WARN_ENUM_CONVERSION = YES;
				CLANG_WARN_INFINITE_RECURSION = YES;
				CLANG_WARN_INT_CONVERSION = YES;
				CLANG_WARN_NON_LITERAL_NULL_CONVERSION = YES;
				CLANG_WARN_OBJC_IMPLICIT_RETAIN_SELF = YES;
				CLANG_WARN_OBJC_LITERAL_CONVERSION = YES;
				CLANG_WARN_OBJC_ROOT_CLASS = YES_ERROR;
				CLANG_WARN_QUOTED_INCLUDE_IN_FRAMEWORK_HEADER = YES;
				CLANG_WARN_RANGE_LOOP_ANALYSIS = YES;
				CLANG_WARN_STRICT_PROTOTYPES = YES;
				CLANG_WARN_SUSPICIOUS_MOVE = YES;
				CLANG_WARN_UNGUARDED_AVAILABILITY = YES_AGGRESSIVE;
				CLANG_WARN_UNREACHABLE_CODE = YES;
				CLANG_WARN__DUPLICATE_METHOD_MATCH = YES;
				COPY_PHASE_STRIP = NO;
				DEBUG_INFORMATION_FORMAT = dwarf;
				ENABLE_STRICT_OBJC_MSGSEND = YES;
				ENABLE_TESTABILITY = YES;
				GCC_C_LANGUAGE_STANDARD = gnu11;
				GCC_DYNAMIC_NO_PIC = NO;
				GCC_NO_COMMON_BLOCKS = YES;
				GCC_OPTIMIZATION_LEVEL = 0;
				GCC_PREPROCESSOR_DEFINITIONS = (
					"DEBUG=1",
					"$(inherited)",
				);
				GCC_WARN_64_TO_32_BIT_CONVERSION = YES;
				GCC_WARN_ABOUT_RETURN_TYPE = YES_ERROR;
				GCC_WARN_UNDECLARED_SELECTOR = YES;
				GCC_WARN_UNINITIALIZED_AUTOS = YES_AGGRESSIVE;
				GCC_WARN_UNUSED_FUNCTION = YES;
				GCC_WARN_UNUSED_VARIABLE = YES;
				IPHONEOS_DEPLOYMENT_TARGET = 15.1;
				MTL_ENABLE_DEBUG_INFO = INCLUDE_SOURCE;
				MTL_FAST_MATH = YES;
				ONLY_ACTIVE_ARCH = YES;
				SDKROOT = iphoneos;
				SWIFT_ACTIVE_COMPILATION_CONDITIONS = DEBUG;
				SWIFT_OPTIMIZATION_LEVEL = "-Onone";
			};
			name = Debug;
		};
		933C158928EDC5FC00850A7D /* Release */ = {
			isa = XCBuildConfiguration;
			buildSettings = {
				ALWAYS_SEARCH_USER_PATHS = NO;
				CLANG_ANALYZER_NONNULL = YES;
				CLANG_ANALYZER_NUMBER_OBJECT_CONVERSION = YES_AGGRESSIVE;
				CLANG_CXX_LANGUAGE_STANDARD = "gnu++20";
				CLANG_ENABLE_MODULES = YES;
				CLANG_ENABLE_OBJC_ARC = YES;
				CLANG_ENABLE_OBJC_WEAK = YES;
				CLANG_WARN_BLOCK_CAPTURE_AUTORELEASING = YES;
				CLANG_WARN_BOOL_CONVERSION = YES;
				CLANG_WARN_COMMA = YES;
				CLANG_WARN_CONSTANT_CONVERSION = YES;
				CLANG_WARN_DEPRECATED_OBJC_IMPLEMENTATIONS = YES;
				CLANG_WARN_DIRECT_OBJC_ISA_USAGE = YES_ERROR;
				CLANG_WARN_DOCUMENTATION_COMMENTS = YES;
				CLANG_WARN_EMPTY_BODY = YES;
				CLANG_WARN_ENUM_CONVERSION = YES;
				CLANG_WARN_INFINITE_RECURSION = YES;
				CLANG_WARN_INT_CONVERSION = YES;
				CLANG_WARN_NON_LITERAL_NULL_CONVERSION = YES;
				CLANG_WARN_OBJC_IMPLICIT_RETAIN_SELF = YES;
				CLANG_WARN_OBJC_LITERAL_CONVERSION = YES;
				CLANG_WARN_OBJC_ROOT_CLASS = YES_ERROR;
				CLANG_WARN_QUOTED_INCLUDE_IN_FRAMEWORK_HEADER = YES;
				CLANG_WARN_RANGE_LOOP_ANALYSIS = YES;
				CLANG_WARN_STRICT_PROTOTYPES = YES;
				CLANG_WARN_SUSPICIOUS_MOVE = YES;
				CLANG_WARN_UNGUARDED_AVAILABILITY = YES_AGGRESSIVE;
				CLANG_WARN_UNREACHABLE_CODE = YES;
				CLANG_WARN__DUPLICATE_METHOD_MATCH = YES;
				COPY_PHASE_STRIP = NO;
				DEBUG_INFORMATION_FORMAT = "dwarf-with-dsym";
				ENABLE_NS_ASSERTIONS = NO;
				ENABLE_STRICT_OBJC_MSGSEND = YES;
				GCC_C_LANGUAGE_STANDARD = gnu11;
				GCC_NO_COMMON_BLOCKS = YES;
				GCC_WARN_64_TO_32_BIT_CONVERSION = YES;
				GCC_WARN_ABOUT_RETURN_TYPE = YES_ERROR;
				GCC_WARN_UNDECLARED_SELECTOR = YES;
				GCC_WARN_UNINITIALIZED_AUTOS = YES_AGGRESSIVE;
				GCC_WARN_UNUSED_FUNCTION = YES;
				GCC_WARN_UNUSED_VARIABLE = YES;
				IPHONEOS_DEPLOYMENT_TARGET = 15.1;
				MTL_ENABLE_DEBUG_INFO = NO;
				MTL_FAST_MATH = YES;
				SDKROOT = iphoneos;
				SWIFT_COMPILATION_MODE = wholemodule;
				SWIFT_OPTIMIZATION_LEVEL = "-O";
				VALIDATE_PRODUCT = YES;
			};
			name = Release;
		};
		933C158B28EDC5FC00850A7D /* Debug */ = {
			isa = XCBuildConfiguration;
			baseConfigurationReference = 409C0E48AC85FDEA07843105 /* Pods-PopUp.debug.xcconfig */;
			buildSettings = {
				ASSETCATALOG_COMPILER_APPICON_NAME = AppIcon;
				ASSETCATALOG_COMPILER_GLOBAL_ACCENT_COLOR_NAME = AccentColor;
				CODE_SIGN_STYLE = Automatic;
				CURRENT_PROJECT_VERSION = 1;
				DEVELOPMENT_ASSET_PATHS = "\"PopUp/Preview Content\"";
				DEVELOPMENT_TEAM = TL3MNCD9ZD;
				ENABLE_PREVIEWS = YES;
				GENERATE_INFOPLIST_FILE = YES;
				INFOPLIST_KEY_UIApplicationSceneManifest_Generation = YES;
				INFOPLIST_KEY_UIApplicationSupportsIndirectInputEvents = YES;
				INFOPLIST_KEY_UILaunchScreen_Generation = YES;
				INFOPLIST_KEY_UISupportedInterfaceOrientations_iPad = "UIInterfaceOrientationPortrait UIInterfaceOrientationPortraitUpsideDown UIInterfaceOrientationLandscapeLeft UIInterfaceOrientationLandscapeRight";
				INFOPLIST_KEY_UISupportedInterfaceOrientations_iPhone = "UIInterfaceOrientationPortrait UIInterfaceOrientationLandscapeLeft UIInterfaceOrientationLandscapeRight";
				IPHONEOS_DEPLOYMENT_TARGET = 15.1;
				LD_RUNPATH_SEARCH_PATHS = (
					"$(inherited)",
					"@executable_path/Frameworks",
				);
				MARKETING_VERSION = 1.0;
				PRODUCT_BUNDLE_IDENTIFIER = "super-man.PopUp";
				PRODUCT_NAME = "$(TARGET_NAME)";
				SWIFT_EMIT_LOC_STRINGS = YES;
				SWIFT_VERSION = 5.0;
				TARGETED_DEVICE_FAMILY = "1,2";
			};
			name = Debug;
		};
		933C158C28EDC5FC00850A7D /* Release */ = {
			isa = XCBuildConfiguration;
			baseConfigurationReference = 5D33E5CC9B047953CDE22AB4 /* Pods-PopUp.release.xcconfig */;
			buildSettings = {
				ASSETCATALOG_COMPILER_APPICON_NAME = AppIcon;
				ASSETCATALOG_COMPILER_GLOBAL_ACCENT_COLOR_NAME = AccentColor;
				CODE_SIGN_STYLE = Automatic;
				CURRENT_PROJECT_VERSION = 1;
				DEVELOPMENT_ASSET_PATHS = "\"PopUp/Preview Content\"";
				DEVELOPMENT_TEAM = TL3MNCD9ZD;
				ENABLE_PREVIEWS = YES;
				GENERATE_INFOPLIST_FILE = YES;
				INFOPLIST_KEY_UIApplicationSceneManifest_Generation = YES;
				INFOPLIST_KEY_UIApplicationSupportsIndirectInputEvents = YES;
				INFOPLIST_KEY_UILaunchScreen_Generation = YES;
				INFOPLIST_KEY_UISupportedInterfaceOrientations_iPad = "UIInterfaceOrientationPortrait UIInterfaceOrientationPortraitUpsideDown UIInterfaceOrientationLandscapeLeft UIInterfaceOrientationLandscapeRight";
				INFOPLIST_KEY_UISupportedInterfaceOrientations_iPhone = "UIInterfaceOrientationPortrait UIInterfaceOrientationLandscapeLeft UIInterfaceOrientationLandscapeRight";
				IPHONEOS_DEPLOYMENT_TARGET = 15.1;
				LD_RUNPATH_SEARCH_PATHS = (
					"$(inherited)",
					"@executable_path/Frameworks",
				);
				MARKETING_VERSION = 1.0;
				PRODUCT_BUNDLE_IDENTIFIER = "super-man.PopUp";
				PRODUCT_NAME = "$(TARGET_NAME)";
				SWIFT_EMIT_LOC_STRINGS = YES;
				SWIFT_VERSION = 5.0;
				TARGETED_DEVICE_FAMILY = "1,2";
			};
			name = Release;
		};
/* End XCBuildConfiguration section */

/* Begin XCConfigurationList section */
		933C157728EDC5F400850A7D /* Build configuration list for PBXProject "PopUp" */ = {
			isa = XCConfigurationList;
			buildConfigurations = (
				933C158828EDC5FC00850A7D /* Debug */,
				933C158928EDC5FC00850A7D /* Release */,
			);
			defaultConfigurationIsVisible = 0;
			defaultConfigurationName = Release;
		};
		933C158A28EDC5FC00850A7D /* Build configuration list for PBXNativeTarget "PopUp" */ = {
			isa = XCConfigurationList;
			buildConfigurations = (
				933C158B28EDC5FC00850A7D /* Debug */,
				933C158C28EDC5FC00850A7D /* Release */,
			);
			defaultConfigurationIsVisible = 0;
			defaultConfigurationName = Release;
		};
/* End XCConfigurationList section */
	};
	rootObject = 933C157428EDC5F400850A7D /* Project object */;
}
